
Microsoft Visual Studio Solution File, Format Version 12.00
# Visual Studio 2013
VisualStudioVersion = 12.0.40629.0
MinimumVisualStudioVersion = 10.0.40219.1
Project("{FAE04EC0-301F-11D3-BF4B-00C04F79EFBC}") = "Notifications.App", "Notifications.App\Notifications.App.csproj", "{E7945870-8E9A-4B3F-85A8-23F886250613}"
EndProject
Project("{FAE04EC0-301F-11D3-BF4B-00C04F79EFBC}") = "Notifications.Data", "Notifications.Data\Notifications.Data.csproj", "{E876E91F-A475-4B6F-805D-551496A96E2F}"
EndProject
Project("{FAE04EC0-301F-11D3-BF4B-00C04F79EFBC}") = "Notifications.Push", "Notifications.Push\Notifications.Push.csproj", "{89F9471A-0421-4B9D-B430-8F70A2BA91F0}"
EndProject
Global
	GlobalSection(SolutionConfigurationPlatforms) = preSolution
		Debug|Any CPU = Debug|Any CPU
		Release|Any CPU = Release|Any CPU
	EndGlobalSection
	GlobalSection(ProjectConfigurationPlatforms) = postSolution
		{E7945870-8E9A-4B3F-85A8-23F886250613}.Debug|Any CPU.ActiveCfg = Debug|Any CPU
		{E7945870-8E9A-4B3F-85A8-23F886250613}.Debug|Any CPU.Build.0 = Debug|Any CPU
		{E7945870-8E9A-4B3F-85A8-23F886250613}.Release|Any CPU.ActiveCfg = Release|Any CPU
		{E7945870-8E9A-4B3F-85A8-23F886250613}.Release|Any CPU.Build.0 = Release|Any CPU
		{E876E91F-A475-4B6F-805D-551496A96E2F}.Debug|Any CPU.ActiveCfg = Debug|Any CPU
		{E876E91F-A475-4B6F-805D-551496A96E2F}.Debug|Any CPU.Build.0 = Debug|Any CPU
		{E876E91F-A475-4B6F-805D-551496A96E2F}.Release|Any CPU.ActiveCfg = Release|Any CPU
		{E876E91F-A475-4B6F-805D-551496A96E2F}.Release|Any CPU.Build.0 = Release|Any CPU
		{89F9471A-0421-4B9D-B430-8F70A2BA91F0}.Debug|Any CPU.ActiveCfg = Debug|Any CPU
		{89F9471A-0421-4B9D-B430-8F70A2BA91F0}.Debug|Any CPU.Build.0 = Debug|Any CPU
		{89F9471A-0421-4B9D-B430-8F70A2BA91F0}.Release|Any CPU.ActiveCfg = Release|Any CPU
		{89F9471A-0421-4B9D-B430-8F70A2BA91F0}.Release|Any CPU.Build.0 = Release|Any CPU
	EndGlobalSection
	GlobalSection(SolutionProperties) = preSolution
		HideSolutionNode = FALSE
	EndGlobalSection
EndGlobal
